
Microsoft Visual Studio Solution File, Format Version 12.00
# Visual Studio Version 17
VisualStudioVersion = 17.6.33829.357
MinimumVisualStudioVersion = 10.0.40219.1
Project("{FAE04EC0-301F-11D3-BF4B-00C04F79EFBC}") = "MiPrimeraApp", "MiPrimeraApp\MiPrimeraApp.csproj", "{589B40E3-7474-4A7B-9349-AD636D100E54}"
EndProject
Global
	GlobalSection(SolutionConfigurationPlatforms) = preSolution
		Debug|Any CPU = Debug|Any CPU
		Release|Any CPU = Release|Any CPU
	EndGlobalSection
	GlobalSection(ProjectConfigurationPlatforms) = postSolution
		{589B40E3-7474-4A7B-9349-AD636D100E54}.Debug|Any CPU.ActiveCfg = Debug|Any CPU
		{589B40E3-7474-4A7B-9349-AD636D100E54}.Debug|Any CPU.Build.0 = Debug|Any CPU
		{589B40E3-7474-4A7B-9349-AD636D100E54}.Release|Any CPU.ActiveCfg = Release|Any CPU
		{589B40E3-7474-4A7B-9349-AD636D100E54}.Release|Any CPU.Build.0 = Release|Any CPU
	EndGlobalSection
	GlobalSection(SolutionProperties) = preSolution
		HideSolutionNode = FALSE
	EndGlobalSection
	GlobalSection(ExtensibilityGlobals) = postSolution
		SolutionGuid = {D1CE4EDD-7448-4853-A0C5-C2A7E54C4CA5}
	EndGlobalSection
EndGlobal
